# tools/checks/bare_catch_debt.lock
# Phase 87 OBSV-06 — machine-readable allowlist of grandfathered
# bare catches.  Generated by no_new_bare_catch.py --regen-debt.
# DO NOT edit manually unless adding a justified false-positive
# entry; the lint scans this file in O(n).
#
# Format: <relpath>:<lineno>
# Human ledger: .planning/BARE_CATCH_DEBT.md

apps/mobile/lib/data/budget/budget_local_store.dart:62
apps/mobile/lib/data/commune_data.dart:26
apps/mobile/lib/main_web.dart:25
apps/mobile/lib/models/coach_insight.dart:140
apps/mobile/lib/models/coaching_preference.dart:221
apps/mobile/lib/models/sequence_run.dart:299
apps/mobile/lib/providers/auth_provider.dart:129
apps/mobile/lib/providers/auth_provider.dart:146
apps/mobile/lib/providers/auth_provider.dart:215
apps/mobile/lib/providers/auth_provider.dart:220
apps/mobile/lib/providers/auth_provider.dart:269
apps/mobile/lib/providers/auth_provider.dart:273
apps/mobile/lib/providers/auth_provider.dart:346
apps/mobile/lib/providers/auth_provider.dart:351
apps/mobile/lib/providers/auth_provider.dart:370
apps/mobile/lib/providers/auth_provider.dart:415
apps/mobile/lib/providers/auth_provider.dart:434
apps/mobile/lib/providers/auth_provider.dart:464
apps/mobile/lib/providers/auth_provider.dart:482
apps/mobile/lib/providers/auth_provider.dart:499
apps/mobile/lib/providers/auth_provider.dart:517
apps/mobile/lib/providers/auth_provider.dart:538
apps/mobile/lib/providers/auth_provider.dart:614
apps/mobile/lib/providers/auth_provider.dart:665
apps/mobile/lib/providers/auth_provider.dart:696
apps/mobile/lib/providers/auth_provider.dart:705
apps/mobile/lib/providers/auth_provider.dart:748
apps/mobile/lib/providers/biography_provider.dart:127
apps/mobile/lib/providers/biography_provider.dart:142
apps/mobile/lib/providers/biography_provider.dart:155
apps/mobile/lib/providers/biography_provider.dart:168
apps/mobile/lib/providers/biography_provider.dart:181
apps/mobile/lib/providers/byok_provider.dart:115
apps/mobile/lib/providers/byok_provider.dart:139
apps/mobile/lib/providers/byok_provider.dart:179
apps/mobile/lib/providers/byok_provider.dart:91
apps/mobile/lib/providers/coach_profile_provider.dart:1083
apps/mobile/lib/providers/coach_profile_provider.dart:2253
apps/mobile/lib/providers/coach_profile_provider.dart:2419
apps/mobile/lib/providers/coach_profile_provider.dart:510
apps/mobile/lib/providers/document_provider.dart:114
apps/mobile/lib/providers/document_provider.dart:149
apps/mobile/lib/providers/document_provider.dart:71
apps/mobile/lib/providers/document_provider.dart:99
apps/mobile/lib/providers/household_provider.dart:113
apps/mobile/lib/providers/household_provider.dart:147
apps/mobile/lib/providers/household_provider.dart:177
apps/mobile/lib/providers/household_provider.dart:40
apps/mobile/lib/providers/household_provider.dart:78
apps/mobile/lib/providers/mint_state_provider.dart:113
apps/mobile/lib/providers/tension_card_provider.dart:40
apps/mobile/lib/providers/tension_card_provider.dart:47
apps/mobile/lib/providers/tension_card_provider.dart:59
apps/mobile/lib/providers/tension_card_provider.dart:66
apps/mobile/lib/providers/timeline_provider.dart:105
apps/mobile/lib/providers/timeline_provider.dart:112
apps/mobile/lib/providers/timeline_provider.dart:124
apps/mobile/lib/providers/timeline_provider.dart:86
apps/mobile/lib/providers/timeline_provider.dart:93
apps/mobile/lib/screens/admin_analytics_screen.dart:72
apps/mobile/lib/screens/admin_observability_screen.dart:70
apps/mobile/lib/screens/admin_observability_screen.dart:89
apps/mobile/lib/screens/arbitrage/allocation_annuelle_screen.dart:85
apps/mobile/lib/screens/arbitrage/rente_vs_capital_screen.dart:134
apps/mobile/lib/screens/arbitrage/rente_vs_capital_screen.dart:308
apps/mobile/lib/screens/arbitrage/rente_vs_capital_screen.dart:490
apps/mobile/lib/screens/arbitrage/rente_vs_capital_screen.dart:513
apps/mobile/lib/screens/bank_import_screen.dart:871
apps/mobile/lib/screens/budget/budget_screen.dart:112
apps/mobile/lib/screens/budget/budget_screen.dart:122
apps/mobile/lib/screens/budget/budget_screen.dart:135
apps/mobile/lib/screens/budget/budget_screen.dart:188
apps/mobile/lib/screens/budget/budget_screen.dart:98
apps/mobile/lib/screens/cantonal_benchmark_screen.dart:48
apps/mobile/lib/screens/coach/coach_chat_screen.dart:1022
apps/mobile/lib/screens/coach/coach_chat_screen.dart:1109
apps/mobile/lib/screens/coach/coach_chat_screen.dart:1141
apps/mobile/lib/screens/coach/coach_chat_screen.dart:1345
apps/mobile/lib/screens/coach/coach_chat_screen.dart:1384
apps/mobile/lib/screens/coach/coach_chat_screen.dart:1493
apps/mobile/lib/screens/coach/coach_chat_screen.dart:1534
apps/mobile/lib/screens/coach/coach_chat_screen.dart:1672
apps/mobile/lib/screens/coach/coach_chat_screen.dart:1683
apps/mobile/lib/screens/coach/coach_chat_screen.dart:1842
apps/mobile/lib/screens/coach/coach_chat_screen.dart:245
apps/mobile/lib/screens/coach/coach_chat_screen.dart:258
apps/mobile/lib/screens/coach/coach_chat_screen.dart:274
apps/mobile/lib/screens/coach/coach_chat_screen.dart:297
apps/mobile/lib/screens/coach/coach_chat_screen.dart:444
apps/mobile/lib/screens/coach/coach_chat_screen.dart:704
apps/mobile/lib/screens/coach/coach_chat_screen.dart:749
apps/mobile/lib/screens/coach/coach_chat_screen.dart:790
apps/mobile/lib/screens/coach/coach_chat_screen.dart:808
apps/mobile/lib/screens/coach/coach_chat_screen.dart:824
apps/mobile/lib/screens/coach/conversation_history_screen.dart:52
apps/mobile/lib/screens/coach/optimisation_decaissement_screen.dart:46
apps/mobile/lib/screens/coach/retirement_dashboard_screen.dart:156
apps/mobile/lib/screens/coach/retirement_dashboard_screen.dart:214
apps/mobile/lib/screens/coach/retirement_dashboard_screen.dart:227
apps/mobile/lib/screens/coach/retirement_dashboard_screen.dart:322
apps/mobile/lib/screens/coach/retirement_dashboard_screen.dart:746
apps/mobile/lib/screens/consumer_credit_screen.dart:61
apps/mobile/lib/screens/coverage_check_screen.dart:87
apps/mobile/lib/screens/debt_prevention/debt_ratio_screen.dart:55
apps/mobile/lib/screens/debt_prevention/repayment_screen.dart:51
apps/mobile/lib/screens/deces_proche_screen.dart:63
apps/mobile/lib/screens/demenagement_cantonal_screen.dart:72
apps/mobile/lib/screens/document_scan/document_impact_screen.dart:113
apps/mobile/lib/screens/document_scan/document_scan_screen.dart:1298
apps/mobile/lib/screens/document_scan/document_scan_screen.dart:1337
apps/mobile/lib/screens/document_scan/document_scan_screen.dart:1348
apps/mobile/lib/screens/document_scan/document_scan_screen.dart:1404
apps/mobile/lib/screens/document_scan/document_scan_screen.dart:1612
apps/mobile/lib/screens/document_scan/document_scan_screen.dart:475
apps/mobile/lib/screens/document_scan/document_scan_screen.dart:557
apps/mobile/lib/screens/document_scan/document_scan_screen.dart:619
apps/mobile/lib/screens/document_scan/document_scan_screen.dart:661
apps/mobile/lib/screens/document_scan/document_scan_screen.dart:755
apps/mobile/lib/screens/document_scan/document_scan_screen.dart:814
apps/mobile/lib/screens/document_scan/document_scan_screen.dart:856
apps/mobile/lib/screens/document_scan/extraction_review_screen.dart:720
apps/mobile/lib/screens/document_scan/extraction_review_screen.dart:766
apps/mobile/lib/screens/first_job_screen.dart:81
apps/mobile/lib/screens/fiscal_comparator_screen.dart:148
apps/mobile/lib/screens/gender_gap_screen.dart:70
apps/mobile/lib/screens/independant_screen.dart:81
apps/mobile/lib/screens/independants/avs_cotisations_screen.dart:43
apps/mobile/lib/screens/independants/ijm_screen.dart:51
apps/mobile/lib/screens/lpp_deep/epl_screen.dart:122
apps/mobile/lib/screens/lpp_deep/epl_screen.dart:238
apps/mobile/lib/screens/lpp_deep/epl_screen.dart:89
apps/mobile/lib/screens/lpp_deep/libre_passage_screen.dart:64
apps/mobile/lib/screens/lpp_deep/rachat_echelonne_screen.dart:123
apps/mobile/lib/screens/lpp_deep/rachat_echelonne_screen.dart:282
apps/mobile/lib/screens/mon_argent/mon_argent_screen.dart:48
apps/mobile/lib/screens/mortgage/affordability_screen.dart:106
apps/mobile/lib/screens/mortgage/affordability_screen.dart:171
apps/mobile/lib/screens/mortgage/affordability_screen.dart:92
apps/mobile/lib/screens/mortgage/amortization_screen.dart:74
apps/mobile/lib/screens/mortgage/epl_combined_screen.dart:79
apps/mobile/lib/screens/mortgage/imputed_rental_screen.dart:81
apps/mobile/lib/screens/mortgage/saron_vs_fixed_screen.dart:59
apps/mobile/lib/screens/pillar_3a_deep/provider_comparator_screen.dart:67
apps/mobile/lib/screens/pillar_3a_deep/real_return_screen.dart:116
apps/mobile/lib/screens/pillar_3a_deep/real_return_screen.dart:70
apps/mobile/lib/screens/pillar_3a_deep/retroactive_3a_screen.dart:144
apps/mobile/lib/screens/pillar_3a_deep/retroactive_3a_screen.dart:180
apps/mobile/lib/screens/pillar_3a_deep/retroactive_3a_screen.dart:75
apps/mobile/lib/screens/pillar_3a_deep/retroactive_3a_screen.dart:98
apps/mobile/lib/screens/pillar_3a_deep/staggered_withdrawal_screen.dart:132
apps/mobile/lib/screens/pillar_3a_deep/staggered_withdrawal_screen.dart:69
apps/mobile/lib/screens/simulator_3a_screen.dart:190
apps/mobile/lib/screens/simulator_3a_screen.dart:225
apps/mobile/lib/screens/simulator_3a_screen.dart:284
apps/mobile/lib/screens/simulator_3a_screen.dart:83
apps/mobile/lib/screens/simulator_compound_screen.dart:60
apps/mobile/lib/screens/simulator_leasing_screen.dart:51
apps/mobile/lib/services/analytics_service.dart:272
apps/mobile/lib/services/analytics_service.dart:294
apps/mobile/lib/services/analytics_service.dart:58
apps/mobile/lib/services/anonymous_session_service.dart:107
apps/mobile/lib/services/anonymous_session_service.dart:115
apps/mobile/lib/services/anonymous_session_service.dart:121
apps/mobile/lib/services/anonymous_session_service.dart:69
apps/mobile/lib/services/api_service.dart:1283
apps/mobile/lib/services/api_service.dart:168
apps/mobile/lib/services/apple_sign_in_service.dart:21
apps/mobile/lib/services/b2b/white_label_config.dart:120
apps/mobile/lib/services/biography/biography_fact.dart:201
apps/mobile/lib/services/budget_living_engine.dart:105
apps/mobile/lib/services/budget_living_engine.dart:71
apps/mobile/lib/services/cap_memory_store.dart:239
apps/mobile/lib/services/coach/coach_chat_api_service.dart:251
apps/mobile/lib/services/coach/coach_chat_api_service.dart:279
apps/mobile/lib/services/coach/coach_chat_api_service.dart:96
apps/mobile/lib/services/coach/coach_orchestrator.dart:1372
apps/mobile/lib/services/coach/coach_orchestrator.dart:1396
apps/mobile/lib/services/coach/coach_orchestrator.dart:1418
apps/mobile/lib/services/coach/coach_orchestrator.dart:325
apps/mobile/lib/services/coach/coach_orchestrator.dart:381
apps/mobile/lib/services/coach/coach_orchestrator.dart:421
apps/mobile/lib/services/coach/coach_orchestrator.dart:439
apps/mobile/lib/services/coach/coach_orchestrator.dart:514
apps/mobile/lib/services/coach/coach_orchestrator.dart:538
apps/mobile/lib/services/coach/coach_orchestrator.dart:750
apps/mobile/lib/services/coach/coach_orchestrator.dart:949
apps/mobile/lib/services/coach/context_injector_service.dart:188
apps/mobile/lib/services/coach/context_injector_service.dart:208
apps/mobile/lib/services/coach/context_injector_service.dart:234
apps/mobile/lib/services/coach/context_injector_service.dart:250
apps/mobile/lib/services/coach/context_injector_service.dart:290
apps/mobile/lib/services/coach/context_injector_service.dart:354
apps/mobile/lib/services/coach/context_injector_service.dart:368
apps/mobile/lib/services/coach/conversation_store.dart:263
apps/mobile/lib/services/coach/conversation_store.dart:425
apps/mobile/lib/services/coach/data_driven_opener_service.dart:401
apps/mobile/lib/services/coach/goal_tracker_service.dart:261
apps/mobile/lib/services/coach/memory_reference_service.dart:197
apps/mobile/lib/services/coach/precomputed_insights_service.dart:148
apps/mobile/lib/services/coach/precomputed_insights_service.dart:260
apps/mobile/lib/services/coach/precomputed_insights_service.dart:289
apps/mobile/lib/services/coach/proactive_trigger_service.dart:273
apps/mobile/lib/services/coach/proactive_trigger_service.dart:325
apps/mobile/lib/services/coach/proactive_trigger_service.dart:409
apps/mobile/lib/services/coach/proactive_trigger_service.dart:442
apps/mobile/lib/services/coach/tool_call_parser.dart:51
apps/mobile/lib/services/coach_llm_service.dart:425
apps/mobile/lib/services/coach_llm_service.dart:436
apps/mobile/lib/services/coach_llm_service.dart:552
apps/mobile/lib/services/coach_llm_service.dart:565
apps/mobile/lib/services/coach_narrative_service.dart:1197
apps/mobile/lib/services/coach_narrative_service.dart:1390
apps/mobile/lib/services/coach_narrative_service.dart:1412
apps/mobile/lib/services/coach_narrative_service.dart:1453
apps/mobile/lib/services/coach_narrative_service.dart:197
apps/mobile/lib/services/coach_narrative_service.dart:222
apps/mobile/lib/services/coach_narrative_service.dart:247
apps/mobile/lib/services/coach_narrative_service.dart:277
apps/mobile/lib/services/coach_narrative_service.dart:380
apps/mobile/lib/services/coach_narrative_service.dart:409
apps/mobile/lib/services/coach_narrative_service.dart:487
apps/mobile/lib/services/coach_narrative_service.dart:570
apps/mobile/lib/services/coach_narrative_service.dart:709
apps/mobile/lib/services/coach_narrative_service.dart:790
apps/mobile/lib/services/coach_narrative_service.dart:945
apps/mobile/lib/services/coaching_service.dart:257
apps/mobile/lib/services/contract_alert_service.dart:84
apps/mobile/lib/services/document/third_party_flow.dart:54
apps/mobile/lib/services/document_parser/avs_extract_parser.dart:355
apps/mobile/lib/services/document_parser/avs_extract_parser.dart:368
apps/mobile/lib/services/document_parser/lpp_certificate_parser.dart:515
apps/mobile/lib/services/document_parser/salary_certificate_parser.dart:358
apps/mobile/lib/services/document_parser/tax_declaration_parser.dart:416
apps/mobile/lib/services/document_progressive_state.dart:77
apps/mobile/lib/services/document_progressive_state.dart:98
apps/mobile/lib/services/document_service.dart:1074
apps/mobile/lib/services/document_service.dart:1147
apps/mobile/lib/services/document_service.dart:1193
apps/mobile/lib/services/document_service.dart:1234
apps/mobile/lib/services/document_service.dart:1313
apps/mobile/lib/services/document_service.dart:1328
apps/mobile/lib/services/financial_plan_service.dart:40
apps/mobile/lib/services/financial_report_service.dart:72
apps/mobile/lib/services/fresh_start_service.dart:86
apps/mobile/lib/services/household_service.dart:110
apps/mobile/lib/services/household_service.dart:136
apps/mobile/lib/services/household_service.dart:62
apps/mobile/lib/services/household_service.dart:88
apps/mobile/lib/services/ios_iap_service.dart:126
apps/mobile/lib/services/ios_iap_service.dart:190
apps/mobile/lib/services/llm/provider_health_service.dart:306
apps/mobile/lib/services/llm/response_quality_monitor.dart:357
apps/mobile/lib/services/local_image_classifier.dart:103
apps/mobile/lib/services/local_image_classifier.dart:108
apps/mobile/lib/services/memory/coach_memory_service.dart:64
apps/mobile/lib/services/memory/coach_memory_service.dart:78
apps/mobile/lib/services/mint_state_engine.dart:112
apps/mobile/lib/services/mint_state_engine.dart:128
apps/mobile/lib/services/mint_state_engine.dart:150
apps/mobile/lib/services/mint_state_engine.dart:175
apps/mobile/lib/services/mint_state_engine.dart:178
apps/mobile/lib/services/mint_state_engine.dart:193
apps/mobile/lib/services/mint_state_engine.dart:206
apps/mobile/lib/services/mint_state_engine.dart:227
apps/mobile/lib/services/mint_state_engine.dart:239
apps/mobile/lib/services/mint_state_engine.dart:263
apps/mobile/lib/services/mint_state_engine.dart:82
apps/mobile/lib/services/mint_state_engine.dart:90
apps/mobile/lib/services/native_document_scanner.dart:138
apps/mobile/lib/services/native_document_scanner.dart:86
apps/mobile/lib/services/notification_service.dart:819
apps/mobile/lib/services/nudge/nudge_persistence.dart:138
apps/mobile/lib/services/nudge/nudge_persistence.dart:151
apps/mobile/lib/services/nudge/nudge_persistence.dart:93
apps/mobile/lib/services/partner_estimate_service.dart:109
apps/mobile/lib/services/pillar_3a_calculator.dart:38
apps/mobile/lib/services/plan_generation_service.dart:174
apps/mobile/lib/services/privacy_service.dart:156
apps/mobile/lib/services/rag_service.dart:372
apps/mobile/lib/services/regulatory_sync_service.dart:106
apps/mobile/lib/services/regulatory_sync_service.dart:122
apps/mobile/lib/services/regulatory_sync_service.dart:175
apps/mobile/lib/services/regulatory_sync_service.dart:58
apps/mobile/lib/services/regulatory_sync_service.dart:82
apps/mobile/lib/services/regulatory_sync_service.dart:87
apps/mobile/lib/services/report/report_builder.dart:38
apps/mobile/lib/services/report_persistence_service.dart:230
apps/mobile/lib/services/screen_completion_tracker.dart:116
apps/mobile/lib/services/screen_completion_tracker.dart:133
apps/mobile/lib/services/screen_completion_tracker.dart:150
apps/mobile/lib/services/screen_completion_tracker.dart:198
apps/mobile/lib/services/screen_completion_tracker.dart:220
apps/mobile/lib/services/screen_completion_tracker.dart:254
apps/mobile/lib/services/session_snapshot_service.dart:104
apps/mobile/lib/services/session_snapshot_service.dart:89
apps/mobile/lib/services/smart_onboarding_draft_service.dart:34
apps/mobile/lib/services/snapshot_service.dart:189
apps/mobile/lib/services/snapshot_service.dart:233
apps/mobile/lib/services/subscription_service.dart:303
apps/mobile/lib/services/tax_scales_loader.dart:94
apps/mobile/lib/widgets/aujourdhui/commitments_and_checkins_card.dart:70
apps/mobile/lib/widgets/coach/career_timelapse_widget.dart:62
apps/mobile/lib/widgets/coach/chat_drawer_host.dart:123
apps/mobile/lib/widgets/coach/coach_interrupt_banner.dart:111
apps/mobile/lib/widgets/coach/coach_interrupt_banner.dart:97
apps/mobile/lib/widgets/coach/conversation_tile.dart:209
apps/mobile/lib/widgets/coach/early_retirement_slider.dart:83
apps/mobile/lib/widgets/coach/lightning_menu.dart:78
apps/mobile/lib/widgets/coach/widget_renderer.dart:146
apps/mobile/lib/widgets/coach/widget_renderer.dart:438
apps/mobile/lib/widgets/coach/widget_renderer.dart:444
apps/mobile/lib/widgets/coach/widget_renderer.dart:494
apps/mobile/lib/widgets/dashboard/couple_phase_timeline.dart:124
apps/mobile/lib/widgets/document/document_result_view.dart:90
apps/mobile/lib/widgets/pulse/cap_card.dart:212
apps/mobile/lib/widgets/pulse/goal_selector_sheet.dart:311
apps/mobile/lib/widgets/tools/letter_generator_sheet.dart:170
apps/mobile/lib/widgets/wizard/wizard_score_preview.dart:161
